
Microsoft Visual Studio Solution File, Format Version 12.00
# Visual Studio Version 17
VisualStudioVersion = 17.11.35327.3
MinimumVisualStudioVersion = 10.0.40219.1
Project("{9A19103F-16F7-4668-BE54-9A1E7A4F7556}") = "EasySave", "EasySave\EasySave.csproj", "{45515F6F-4F3D-4BBE-A2BD-5EA8CD30F477}"
EndProject
Project("{9A19103F-16F7-4668-BE54-9A1E7A4F7556}") = "EasyLog", "EasyLog\EasyLog.csproj", "{E81F48E4-95B7-4C98-85B5-FCE7CF86CBFA}"
EndProject
Project("{9A19103F-16F7-4668-BE54-9A1E7A4F7556}") = "EasySave.Core", "EasySave.Core\EasySave.Core.csproj", "{D048BEC5-100F-4026-BB57-563EEDD99857}"
EndProject
Global
	GlobalSection(SolutionConfigurationPlatforms) = preSolution
		Debug|Any CPU = Debug|Any CPU
		Release|Any CPU = Release|Any CPU
	EndGlobalSection
	GlobalSection(ProjectConfigurationPlatforms) = postSolution
		{45515F6F-4F3D-4BBE-A2BD-5EA8CD30F477}.Debug|Any CPU.ActiveCfg = Debug|Any CPU
		{45515F6F-4F3D-4BBE-A2BD-5EA8CD30F477}.Debug|Any CPU.Build.0 = Debug|Any CPU
		{45515F6F-4F3D-4BBE-A2BD-5EA8CD30F477}.Release|Any CPU.ActiveCfg = Release|Any CPU
		{45515F6F-4F3D-4BBE-A2BD-5EA8CD30F477}.Release|Any CPU.Build.0 = Release|Any CPU
		{E81F48E4-95B7-4C98-85B5-FCE7CF86CBFA}.Debug|Any CPU.ActiveCfg = Debug|Any CPU
		{E81F48E4-95B7-4C98-85B5-FCE7CF86CBFA}.Debug|Any CPU.Build.0 = Debug|Any CPU
		{E81F48E4-95B7-4C98-85B5-FCE7CF86CBFA}.Release|Any CPU.ActiveCfg = Release|Any CPU
		{E81F48E4-95B7-4C98-85B5-FCE7CF86CBFA}.Release|Any CPU.Build.0 = Release|Any CPU
		{D048BEC5-100F-4026-BB57-563EEDD99857}.Debug|Any CPU.ActiveCfg = Debug|Any CPU
		{D048BEC5-100F-4026-BB57-563EEDD99857}.Debug|Any CPU.Build.0 = Debug|Any CPU
		{D048BEC5-100F-4026-BB57-563EEDD99857}.Release|Any CPU.ActiveCfg = Release|Any CPU
		{D048BEC5-100F-4026-BB57-563EEDD99857}.Release|Any CPU.Build.0 = Release|Any CPU
	EndGlobalSection
	GlobalSection(SolutionProperties) = preSolution
		HideSolutionNode = FALSE
	EndGlobalSection
	GlobalSection(ExtensibilityGlobals) = postSolution
		SolutionGuid = {EA4BEA4B-6172-40A1-A311-5533949AB9C8}
	EndGlobalSection
EndGlobal
